
Microsoft Visual Studio Solution File, Format Version 12.00
# Visual Studio Version 17
VisualStudioVersion = 17.9.34607.119
MinimumVisualStudioVersion = 10.0.40219.1
Project("{2150E333-8FDC-42A3-9474-1A3956D46DE8}") = "src", "src", "{A2CF62F8-82A7-49D5-BFDF-55BE731208F0}"
EndProject
Project("{2150E333-8FDC-42A3-9474-1A3956D46DE8}") = "test", "test", "{7B477027-756B-4E7F-B2EE-2DFD66779742}"
EndProject
Project("{2150E333-8FDC-42A3-9474-1A3956D46DE8}") = "Api", "Api", "{EC9F848C-AA39-443F-9428-2AEAF8D1DBB5}"
EndProject
Project("{2150E333-8FDC-42A3-9474-1A3956D46DE8}") = "Core", "Core", "{9B564BD9-13FA-4802-91D0-0E04963BDFDF}"
EndProject
Project("{2150E333-8FDC-42A3-9474-1A3956D46DE8}") = "Infrastructure", "Infrastructure", "{01BF1D30-63CF-409E-86E7-1A806569847B}"
EndProject
Project("{2150E333-8FDC-42A3-9474-1A3956D46DE8}") = "UI", "UI", "{13D2A5C6-B577-433C-824F-E708B3DDE19A}"
EndProject
Project("{9A19103F-16F7-4668-BE54-9A1E7A4F7556}") = "PetStore.Domain", "PetStore.Domain\PetStore.Domain.csproj", "{FD43A4A8-59BE-4AB8-8866-AB50278EEDE0}"
EndProject
Project("{9A19103F-16F7-4668-BE54-9A1E7A4F7556}") = "PetStore.Application", "PetStore.Application\PetStore.Application.csproj", "{0F9E77E3-6950-4D29-BBC5-FC015F6B11D1}"
EndProject
Project("{9A19103F-16F7-4668-BE54-9A1E7A4F7556}") = "PetStore.Persistance", "PetStore.Persistance\PetStore.Persistance.csproj", "{7E632C31-0798-401D-990C-9F3867D84E7A}"
EndProject
Project("{9A19103F-16F7-4668-BE54-9A1E7A4F7556}") = "PetStore.Infrastructure", "PetStore.Infrastructure\PetStore.Infrastructure.csproj", "{0B978F81-90E9-455C-BDBE-22826B7C5F5E}"
EndProject
Project("{FAE04EC0-301F-11D3-BF4B-00C04F79EFBC}") = "PetStore.Api", "PetStore.Api\PetStore.Api.csproj", "{F23FB2D4-627A-4398-8E5C-FD4C2ED85557}"
EndProject
Project("{FAE04EC0-301F-11D3-BF4B-00C04F79EFBC}") = "PetStore.Identity", "PetStore.Identity\PetStore.Identity.csproj", "{4917653B-F155-4FA5-B0A7-43A1CCF94338}"
EndProject
Global
	GlobalSection(SolutionConfigurationPlatforms) = preSolution
		Debug|Any CPU = Debug|Any CPU
		Release|Any CPU = Release|Any CPU
	EndGlobalSection
	GlobalSection(ProjectConfigurationPlatforms) = postSolution
		{FD43A4A8-59BE-4AB8-8866-AB50278EEDE0}.Debug|Any CPU.ActiveCfg = Debug|Any CPU
		{FD43A4A8-59BE-4AB8-8866-AB50278EEDE0}.Debug|Any CPU.Build.0 = Debug|Any CPU
		{FD43A4A8-59BE-4AB8-8866-AB50278EEDE0}.Release|Any CPU.ActiveCfg = Release|Any CPU
		{FD43A4A8-59BE-4AB8-8866-AB50278EEDE0}.Release|Any CPU.Build.0 = Release|Any CPU
		{0F9E77E3-6950-4D29-BBC5-FC015F6B11D1}.Debug|Any CPU.ActiveCfg = Debug|Any CPU
		{0F9E77E3-6950-4D29-BBC5-FC015F6B11D1}.Debug|Any CPU.Build.0 = Debug|Any CPU
		{0F9E77E3-6950-4D29-BBC5-FC015F6B11D1}.Release|Any CPU.ActiveCfg = Release|Any CPU
		{0F9E77E3-6950-4D29-BBC5-FC015F6B11D1}.Release|Any CPU.Build.0 = Release|Any CPU
		{7E632C31-0798-401D-990C-9F3867D84E7A}.Debug|Any CPU.ActiveCfg = Debug|Any CPU
		{7E632C31-0798-401D-990C-9F3867D84E7A}.Debug|Any CPU.Build.0 = Debug|Any CPU
		{7E632C31-0798-401D-990C-9F3867D84E7A}.Release|Any CPU.ActiveCfg = Release|Any CPU
		{7E632C31-0798-401D-990C-9F3867D84E7A}.Release|Any CPU.Build.0 = Release|Any CPU
		{0B978F81-90E9-455C-BDBE-22826B7C5F5E}.Debug|Any CPU.ActiveCfg = Debug|Any CPU
		{0B978F81-90E9-455C-BDBE-22826B7C5F5E}.Debug|Any CPU.Build.0 = Debug|Any CPU
		{0B978F81-90E9-455C-BDBE-22826B7C5F5E}.Release|Any CPU.ActiveCfg = Release|Any CPU
		{0B978F81-90E9-455C-BDBE-22826B7C5F5E}.Release|Any CPU.Build.0 = Release|Any CPU
		{F23FB2D4-627A-4398-8E5C-FD4C2ED85557}.Debug|Any CPU.ActiveCfg = Debug|Any CPU
		{F23FB2D4-627A-4398-8E5C-FD4C2ED85557}.Debug|Any CPU.Build.0 = Debug|Any CPU
		{F23FB2D4-627A-4398-8E5C-FD4C2ED85557}.Release|Any CPU.ActiveCfg = Release|Any CPU
		{F23FB2D4-627A-4398-8E5C-FD4C2ED85557}.Release|Any CPU.Build.0 = Release|Any CPU
		{4917653B-F155-4FA5-B0A7-43A1CCF94338}.Debug|Any CPU.ActiveCfg = Debug|Any CPU
		{4917653B-F155-4FA5-B0A7-43A1CCF94338}.Debug|Any CPU.Build.0 = Debug|Any CPU
		{4917653B-F155-4FA5-B0A7-43A1CCF94338}.Release|Any CPU.ActiveCfg = Release|Any CPU
		{4917653B-F155-4FA5-B0A7-43A1CCF94338}.Release|Any CPU.Build.0 = Release|Any CPU
	EndGlobalSection
	GlobalSection(SolutionProperties) = preSolution
		HideSolutionNode = FALSE
	EndGlobalSection
	GlobalSection(NestedProjects) = preSolution
		{EC9F848C-AA39-443F-9428-2AEAF8D1DBB5} = {A2CF62F8-82A7-49D5-BFDF-55BE731208F0}
		{9B564BD9-13FA-4802-91D0-0E04963BDFDF} = {A2CF62F8-82A7-49D5-BFDF-55BE731208F0}
		{01BF1D30-63CF-409E-86E7-1A806569847B} = {A2CF62F8-82A7-49D5-BFDF-55BE731208F0}
		{13D2A5C6-B577-433C-824F-E708B3DDE19A} = {A2CF62F8-82A7-49D5-BFDF-55BE731208F0}
		{FD43A4A8-59BE-4AB8-8866-AB50278EEDE0} = {9B564BD9-13FA-4802-91D0-0E04963BDFDF}
		{0F9E77E3-6950-4D29-BBC5-FC015F6B11D1} = {9B564BD9-13FA-4802-91D0-0E04963BDFDF}
		{7E632C31-0798-401D-990C-9F3867D84E7A} = {01BF1D30-63CF-409E-86E7-1A806569847B}
		{0B978F81-90E9-455C-BDBE-22826B7C5F5E} = {01BF1D30-63CF-409E-86E7-1A806569847B}
		{F23FB2D4-627A-4398-8E5C-FD4C2ED85557} = {EC9F848C-AA39-443F-9428-2AEAF8D1DBB5}
		{4917653B-F155-4FA5-B0A7-43A1CCF94338} = {01BF1D30-63CF-409E-86E7-1A806569847B}
	EndGlobalSection
	GlobalSection(ExtensibilityGlobals) = postSolution
		SolutionGuid = {C47CD6EA-AB10-41D6-883C-FB048AB76D11}
	EndGlobalSection
EndGlobal
